
Microsoft Visual Studio Solution File, Format Version 12.00
# Visual Studio Version 16
VisualStudioVersion = 16.0.30803.129
MinimumVisualStudioVersion = 10.0.40219.1
Project("{9A19103F-16F7-4668-BE54-9A1E7A4F7556}") = "Employee.Api", "Employee.Api\Employee.Api.csproj", "{733F9BCB-0BE9-4CE9-9292-CDB184DBAC70}"
EndProject
Project("{9A19103F-16F7-4668-BE54-9A1E7A4F7556}") = "Employee.Service", "Employee.Service\Employee.Service.csproj", "{E22F9F9B-7DC3-4CCD-B1CD-A090A2166BC3}"
EndProject
Project("{9A19103F-16F7-4668-BE54-9A1E7A4F7556}") = "Employee.Components", "Employee.Components\Employee.Components.csproj", "{349D7ADF-F776-402C-B223-6D8A588CA6B5}"
EndProject
Project("{9A19103F-16F7-4668-BE54-9A1E7A4F7556}") = "Employee.Contracts", "Employee.Contracts\Employee.Contracts.csproj", "{05A4B27E-264A-4651-8337-1B4F822A4225}"
EndProject
Project("{9A19103F-16F7-4668-BE54-9A1E7A4F7556}") = "Employee.Infrastructure", "Employee.Infrastructure\Employee.Infrastructure.csproj", "{B7BF8608-4B88-4FCB-9A33-7C2125B9D9BA}"
EndProject
Project("{9A19103F-16F7-4668-BE54-9A1E7A4F7556}") = "Employee.Domain", "Employee.Domain\Employee.Domain.csproj", "{12D9E02B-7E73-4E64-B94A-F139B407DA1B}"
EndProject
Project("{9A19103F-16F7-4668-BE54-9A1E7A4F7556}") = "SharedFramework", "SharedFramework\SharedFramework.csproj", "{06D5E4B6-D784-4518-91F2-4E09BB666CC7}"
EndProject
Project("{2150E333-8FDC-42A3-9474-1A3956D46DE8}") = "Common", "Common", "{D8E81700-A7CF-4713-BA54-CA668580B630}"
EndProject
Project("{2150E333-8FDC-42A3-9474-1A3956D46DE8}") = "Employee", "Employee", "{042AE1DC-31FF-4E35-B79C-F1120DB85726}"
EndProject
Project("{FAE04EC0-301F-11D3-BF4B-00C04F79EFBC}") = "Department.Domain", "Department.Domain\Department.Domain.csproj", "{4199FE3A-C397-4417-93E0-120B7354B066}"
EndProject
Project("{FAE04EC0-301F-11D3-BF4B-00C04F79EFBC}") = "Department.Api", "Department.Api\Department.Api.csproj", "{87ED351E-933F-4D3E-8EE0-EC551A686F39}"
EndProject
Project("{FAE04EC0-301F-11D3-BF4B-00C04F79EFBC}") = "Department.Infrastructure", "Department.Infrastructure\Department.Infrastructure.csproj", "{0D6B087F-7322-4405-B27C-E87CEAC2651C}"
EndProject
Project("{FAE04EC0-301F-11D3-BF4B-00C04F79EFBC}") = "Department.Components", "Department.Components\Department.Components.csproj", "{056E52E9-C4A8-4826-AB20-00D5BD8766C2}"
EndProject
Project("{FAE04EC0-301F-11D3-BF4B-00C04F79EFBC}") = "Department.Contracts", "Department.Contracts\Department.Contracts.csproj", "{D35F1EC9-6226-45FF-9946-9EB87DB5C91C}"
EndProject
Project("{FAE04EC0-301F-11D3-BF4B-00C04F79EFBC}") = "Department.Service", "Department.Service\Department.Service.csproj", "{E82FF67F-0191-4421-9777-195B931432AB}"
EndProject
Project("{2150E333-8FDC-42A3-9474-1A3956D46DE8}") = "Department", "Department", "{7AB4BEBF-26AB-49E6-A35E-70C35DF003E0}"
EndProject
Global
	GlobalSection(SolutionConfigurationPlatforms) = preSolution
		Debug|Any CPU = Debug|Any CPU
		Release|Any CPU = Release|Any CPU
	EndGlobalSection
	GlobalSection(ProjectConfigurationPlatforms) = postSolution
		{733F9BCB-0BE9-4CE9-9292-CDB184DBAC70}.Debug|Any CPU.ActiveCfg = Debug|Any CPU
		{733F9BCB-0BE9-4CE9-9292-CDB184DBAC70}.Debug|Any CPU.Build.0 = Debug|Any CPU
		{733F9BCB-0BE9-4CE9-9292-CDB184DBAC70}.Release|Any CPU.ActiveCfg = Release|Any CPU
		{733F9BCB-0BE9-4CE9-9292-CDB184DBAC70}.Release|Any CPU.Build.0 = Release|Any CPU
		{E22F9F9B-7DC3-4CCD-B1CD-A090A2166BC3}.Debug|Any CPU.ActiveCfg = Debug|Any CPU
		{E22F9F9B-7DC3-4CCD-B1CD-A090A2166BC3}.Debug|Any CPU.Build.0 = Debug|Any CPU
		{E22F9F9B-7DC3-4CCD-B1CD-A090A2166BC3}.Release|Any CPU.ActiveCfg = Release|Any CPU
		{E22F9F9B-7DC3-4CCD-B1CD-A090A2166BC3}.Release|Any CPU.Build.0 = Release|Any CPU
		{349D7ADF-F776-402C-B223-6D8A588CA6B5}.Debug|Any CPU.ActiveCfg = Debug|Any CPU
		{349D7ADF-F776-402C-B223-6D8A588CA6B5}.Debug|Any CPU.Build.0 = Debug|Any CPU
		{349D7ADF-F776-402C-B223-6D8A588CA6B5}.Release|Any CPU.ActiveCfg = Release|Any CPU
		{349D7ADF-F776-402C-B223-6D8A588CA6B5}.Release|Any CPU.Build.0 = Release|Any CPU
		{05A4B27E-264A-4651-8337-1B4F822A4225}.Debug|Any CPU.ActiveCfg = Debug|Any CPU
		{05A4B27E-264A-4651-8337-1B4F822A4225}.Debug|Any CPU.Build.0 = Debug|Any CPU
		{05A4B27E-264A-4651-8337-1B4F822A4225}.Release|Any CPU.ActiveCfg = Release|Any CPU
		{05A4B27E-264A-4651-8337-1B4F822A4225}.Release|Any CPU.Build.0 = Release|Any CPU
		{B7BF8608-4B88-4FCB-9A33-7C2125B9D9BA}.Debug|Any CPU.ActiveCfg = Debug|Any CPU
		{B7BF8608-4B88-4FCB-9A33-7C2125B9D9BA}.Debug|Any CPU.Build.0 = Debug|Any CPU
		{B7BF8608-4B88-4FCB-9A33-7C2125B9D9BA}.Release|Any CPU.ActiveCfg = Release|Any CPU
		{B7BF8608-4B88-4FCB-9A33-7C2125B9D9BA}.Release|Any CPU.Build.0 = Release|Any CPU
		{12D9E02B-7E73-4E64-B94A-F139B407DA1B}.Debug|Any CPU.ActiveCfg = Debug|Any CPU
		{12D9E02B-7E73-4E64-B94A-F139B407DA1B}.Debug|Any CPU.Build.0 = Debug|Any CPU
		{12D9E02B-7E73-4E64-B94A-F139B407DA1B}.Release|Any CPU.ActiveCfg = Release|Any CPU
		{12D9E02B-7E73-4E64-B94A-F139B407DA1B}.Release|Any CPU.Build.0 = Release|Any CPU
		{06D5E4B6-D784-4518-91F2-4E09BB666CC7}.Debug|Any CPU.ActiveCfg = Debug|Any CPU
		{06D5E4B6-D784-4518-91F2-4E09BB666CC7}.Debug|Any CPU.Build.0 = Debug|Any CPU
		{06D5E4B6-D784-4518-91F2-4E09BB666CC7}.Release|Any CPU.ActiveCfg = Release|Any CPU
		{06D5E4B6-D784-4518-91F2-4E09BB666CC7}.Release|Any CPU.Build.0 = Release|Any CPU
		{4199FE3A-C397-4417-93E0-120B7354B066}.Debug|Any CPU.ActiveCfg = Debug|Any CPU
		{4199FE3A-C397-4417-93E0-120B7354B066}.Debug|Any CPU.Build.0 = Debug|Any CPU
		{4199FE3A-C397-4417-93E0-120B7354B066}.Release|Any CPU.ActiveCfg = Release|Any CPU
		{4199FE3A-C397-4417-93E0-120B7354B066}.Release|Any CPU.Build.0 = Release|Any CPU
		{87ED351E-933F-4D3E-8EE0-EC551A686F39}.Debug|Any CPU.ActiveCfg = Debug|Any CPU
		{87ED351E-933F-4D3E-8EE0-EC551A686F39}.Debug|Any CPU.Build.0 = Debug|Any CPU
		{87ED351E-933F-4D3E-8EE0-EC551A686F39}.Release|Any CPU.ActiveCfg = Release|Any CPU
		{87ED351E-933F-4D3E-8EE0-EC551A686F39}.Release|Any CPU.Build.0 = Release|Any CPU
		{0D6B087F-7322-4405-B27C-E87CEAC2651C}.Debug|Any CPU.ActiveCfg = Debug|Any CPU
		{0D6B087F-7322-4405-B27C-E87CEAC2651C}.Debug|Any CPU.Build.0 = Debug|Any CPU
		{0D6B087F-7322-4405-B27C-E87CEAC2651C}.Release|Any CPU.ActiveCfg = Release|Any CPU
		{0D6B087F-7322-4405-B27C-E87CEAC2651C}.Release|Any CPU.Build.0 = Release|Any CPU
		{056E52E9-C4A8-4826-AB20-00D5BD8766C2}.Debug|Any CPU.ActiveCfg = Debug|Any CPU
		{056E52E9-C4A8-4826-AB20-00D5BD8766C2}.Debug|Any CPU.Build.0 = Debug|Any CPU
		{056E52E9-C4A8-4826-AB20-00D5BD8766C2}.Release|Any CPU.ActiveCfg = Release|Any CPU
		{056E52E9-C4A8-4826-AB20-00D5BD8766C2}.Release|Any CPU.Build.0 = Release|Any CPU
		{D35F1EC9-6226-45FF-9946-9EB87DB5C91C}.Debug|Any CPU.ActiveCfg = Debug|Any CPU
		{D35F1EC9-6226-45FF-9946-9EB87DB5C91C}.Debug|Any CPU.Build.0 = Debug|Any CPU
		{D35F1EC9-6226-45FF-9946-9EB87DB5C91C}.Release|Any CPU.ActiveCfg = Release|Any CPU
		{D35F1EC9-6226-45FF-9946-9EB87DB5C91C}.Release|Any CPU.Build.0 = Release|Any CPU
		{E82FF67F-0191-4421-9777-195B931432AB}.Debug|Any CPU.ActiveCfg = Debug|Any CPU
		{E82FF67F-0191-4421-9777-195B931432AB}.Debug|Any CPU.Build.0 = Debug|Any CPU
		{E82FF67F-0191-4421-9777-195B931432AB}.Release|Any CPU.ActiveCfg = Release|Any CPU
		{E82FF67F-0191-4421-9777-195B931432AB}.Release|Any CPU.Build.0 = Release|Any CPU
	EndGlobalSection
	GlobalSection(SolutionProperties) = preSolution
		HideSolutionNode = FALSE
	EndGlobalSection
	GlobalSection(NestedProjects) = preSolution
		{733F9BCB-0BE9-4CE9-9292-CDB184DBAC70} = {042AE1DC-31FF-4E35-B79C-F1120DB85726}
		{E22F9F9B-7DC3-4CCD-B1CD-A090A2166BC3} = {042AE1DC-31FF-4E35-B79C-F1120DB85726}
		{349D7ADF-F776-402C-B223-6D8A588CA6B5} = {042AE1DC-31FF-4E35-B79C-F1120DB85726}
		{05A4B27E-264A-4651-8337-1B4F822A4225} = {042AE1DC-31FF-4E35-B79C-F1120DB85726}
		{B7BF8608-4B88-4FCB-9A33-7C2125B9D9BA} = {042AE1DC-31FF-4E35-B79C-F1120DB85726}
		{12D9E02B-7E73-4E64-B94A-F139B407DA1B} = {042AE1DC-31FF-4E35-B79C-F1120DB85726}
		{06D5E4B6-D784-4518-91F2-4E09BB666CC7} = {D8E81700-A7CF-4713-BA54-CA668580B630}
		{4199FE3A-C397-4417-93E0-120B7354B066} = {7AB4BEBF-26AB-49E6-A35E-70C35DF003E0}
		{87ED351E-933F-4D3E-8EE0-EC551A686F39} = {7AB4BEBF-26AB-49E6-A35E-70C35DF003E0}
		{0D6B087F-7322-4405-B27C-E87CEAC2651C} = {7AB4BEBF-26AB-49E6-A35E-70C35DF003E0}
		{056E52E9-C4A8-4826-AB20-00D5BD8766C2} = {7AB4BEBF-26AB-49E6-A35E-70C35DF003E0}
		{D35F1EC9-6226-45FF-9946-9EB87DB5C91C} = {7AB4BEBF-26AB-49E6-A35E-70C35DF003E0}
		{E82FF67F-0191-4421-9777-195B931432AB} = {7AB4BEBF-26AB-49E6-A35E-70C35DF003E0}
	EndGlobalSection
	GlobalSection(ExtensibilityGlobals) = postSolution
		SolutionGuid = {6A7A43C4-5FD3-49AC-A32A-9CF95A3495B8}
	EndGlobalSection
EndGlobal
